
Microsoft Visual Studio Solution File, Format Version 12.00
# Visual Studio Version 16
VisualStudioVersion = 16.0.31321.278
MinimumVisualStudioVersion = 10.0.40219.1
Project("{2150E333-8FDC-42A3-9474-1A3956D46DE8}") = "Services", "Services", "{C2E61744-1B84-4860-BCA1-2B25BE41F625}"
EndProject
Project("{2150E333-8FDC-42A3-9474-1A3956D46DE8}") = "WebApps", "WebApps", "{50E18F33-A356-44EA-AE64-4213F7839452}"
EndProject
Project("{2150E333-8FDC-42A3-9474-1A3956D46DE8}") = "Cadastros", "Cadastros", "{52B147F3-AA7A-43C5-9B66-3CC3002B5E29}"
EndProject
Project("{2150E333-8FDC-42A3-9474-1A3956D46DE8}") = "Catalogo", "Catalogo", "{ED33925D-FC1F-410A-81CB-77F099AA9ED6}"
EndProject
Project("{2150E333-8FDC-42A3-9474-1A3956D46DE8}") = "Core", "Core", "{188229C9-0C85-4BA5-BF3C-48F058DBC1F7}"
EndProject
Project("{2150E333-8FDC-42A3-9474-1A3956D46DE8}") = "Fiscal", "Fiscal", "{ABEC12D1-91FF-4606-A5B7-4B7F2BC6771C}"
EndProject
Project("{2150E333-8FDC-42A3-9474-1A3956D46DE8}") = "Pagamentos", "Pagamentos", "{6FB0E4E7-5FCA-44D7-9F1E-463AF618E0C1}"
EndProject
Project("{2150E333-8FDC-42A3-9474-1A3956D46DE8}") = "Vendas", "Vendas", "{2B61065D-D326-4E9E-AD8E-203A488D4AF1}"
EndProject
Project("{9A19103F-16F7-4668-BE54-9A1E7A4F7556}") = "NerdStore.Catalogo.Domain", "src\NerdStore.Catalogo.Domain\NerdStore.Catalogo.Domain.csproj", "{3F5696B4-E501-4093-9687-CF7A1DE6EC4B}"
EndProject
Project("{9A19103F-16F7-4668-BE54-9A1E7A4F7556}") = "NerdStore.Core", "src\NerdStore.Core\NerdStore.Core.csproj", "{260C28B0-B5FE-4587-A13F-EDA10F3D08CF}"
EndProject
Project("{2150E333-8FDC-42A3-9474-1A3956D46DE8}") = "Tests", "Tests", "{0922F38D-8BF8-4D1F-92E1-CCB7D174C997}"
EndProject
Project("{9A19103F-16F7-4668-BE54-9A1E7A4F7556}") = "NerdStore.Catalogo.Domain.Tests", "tests\NerdStore.Catalogo.Domain.Tests\NerdStore.Catalogo.Domain.Tests.csproj", "{354648D2-DDD6-4B3E-A269-7B9FCA2BCDA4}"
EndProject
Project("{9A19103F-16F7-4668-BE54-9A1E7A4F7556}") = "NerdStore.Catalogo.Data", "src\NerdStore.Catalogo.Data\NerdStore.Catalogo.Data.csproj", "{2FB4CBC5-927A-4819-B9FA-8E705EF89C0A}"
EndProject
Project("{9A19103F-16F7-4668-BE54-9A1E7A4F7556}") = "NerdStore.Catalogo.Application", "src\NerdStore.Catalogo.Application\NerdStore.Catalogo.Application.csproj", "{93CE8BE4-E07B-4765-BD49-498CDE844143}"
EndProject
Project("{9A19103F-16F7-4668-BE54-9A1E7A4F7556}") = "NerdStore.WebApp.API", "src\NerdStore.WebApp.API\NerdStore.WebApp.API.csproj", "{12ED4D06-475F-43E4-97FE-86CF1CE4ABCD}"
EndProject
Project("{FAE04EC0-301F-11D3-BF4B-00C04F79EFBC}") = "NerdStore.Vendas.Domain", "src\NerdStore.Vendas.Domain\NerdStore.Vendas.Domain.csproj", "{347140AF-D74B-42D5-BDDD-0D99012B015E}"
EndProject
Global
	GlobalSection(SolutionConfigurationPlatforms) = preSolution
		Debug|Any CPU = Debug|Any CPU
		Release|Any CPU = Release|Any CPU
	EndGlobalSection
	GlobalSection(ProjectConfigurationPlatforms) = postSolution
		{3F5696B4-E501-4093-9687-CF7A1DE6EC4B}.Debug|Any CPU.ActiveCfg = Debug|Any CPU
		{3F5696B4-E501-4093-9687-CF7A1DE6EC4B}.Debug|Any CPU.Build.0 = Debug|Any CPU
		{3F5696B4-E501-4093-9687-CF7A1DE6EC4B}.Release|Any CPU.ActiveCfg = Release|Any CPU
		{3F5696B4-E501-4093-9687-CF7A1DE6EC4B}.Release|Any CPU.Build.0 = Release|Any CPU
		{260C28B0-B5FE-4587-A13F-EDA10F3D08CF}.Debug|Any CPU.ActiveCfg = Debug|Any CPU
		{260C28B0-B5FE-4587-A13F-EDA10F3D08CF}.Debug|Any CPU.Build.0 = Debug|Any CPU
		{260C28B0-B5FE-4587-A13F-EDA10F3D08CF}.Release|Any CPU.ActiveCfg = Release|Any CPU
		{260C28B0-B5FE-4587-A13F-EDA10F3D08CF}.Release|Any CPU.Build.0 = Release|Any CPU
		{354648D2-DDD6-4B3E-A269-7B9FCA2BCDA4}.Debug|Any CPU.ActiveCfg = Debug|Any CPU
		{354648D2-DDD6-4B3E-A269-7B9FCA2BCDA4}.Debug|Any CPU.Build.0 = Debug|Any CPU
		{354648D2-DDD6-4B3E-A269-7B9FCA2BCDA4}.Release|Any CPU.ActiveCfg = Release|Any CPU
		{354648D2-DDD6-4B3E-A269-7B9FCA2BCDA4}.Release|Any CPU.Build.0 = Release|Any CPU
		{2FB4CBC5-927A-4819-B9FA-8E705EF89C0A}.Debug|Any CPU.ActiveCfg = Debug|Any CPU
		{2FB4CBC5-927A-4819-B9FA-8E705EF89C0A}.Debug|Any CPU.Build.0 = Debug|Any CPU
		{2FB4CBC5-927A-4819-B9FA-8E705EF89C0A}.Release|Any CPU.ActiveCfg = Release|Any CPU
		{2FB4CBC5-927A-4819-B9FA-8E705EF89C0A}.Release|Any CPU.Build.0 = Release|Any CPU
		{93CE8BE4-E07B-4765-BD49-498CDE844143}.Debug|Any CPU.ActiveCfg = Debug|Any CPU
		{93CE8BE4-E07B-4765-BD49-498CDE844143}.Debug|Any CPU.Build.0 = Debug|Any CPU
		{93CE8BE4-E07B-4765-BD49-498CDE844143}.Release|Any CPU.ActiveCfg = Release|Any CPU
		{93CE8BE4-E07B-4765-BD49-498CDE844143}.Release|Any CPU.Build.0 = Release|Any CPU
		{12ED4D06-475F-43E4-97FE-86CF1CE4ABCD}.Debug|Any CPU.ActiveCfg = Debug|Any CPU
		{12ED4D06-475F-43E4-97FE-86CF1CE4ABCD}.Debug|Any CPU.Build.0 = Debug|Any CPU
		{12ED4D06-475F-43E4-97FE-86CF1CE4ABCD}.Release|Any CPU.ActiveCfg = Release|Any CPU
		{12ED4D06-475F-43E4-97FE-86CF1CE4ABCD}.Release|Any CPU.Build.0 = Release|Any CPU
		{347140AF-D74B-42D5-BDDD-0D99012B015E}.Debug|Any CPU.ActiveCfg = Debug|Any CPU
		{347140AF-D74B-42D5-BDDD-0D99012B015E}.Debug|Any CPU.Build.0 = Debug|Any CPU
		{347140AF-D74B-42D5-BDDD-0D99012B015E}.Release|Any CPU.ActiveCfg = Release|Any CPU
		{347140AF-D74B-42D5-BDDD-0D99012B015E}.Release|Any CPU.Build.0 = Release|Any CPU
	EndGlobalSection
	GlobalSection(SolutionProperties) = preSolution
		HideSolutionNode = FALSE
	EndGlobalSection
	GlobalSection(NestedProjects) = preSolution
		{52B147F3-AA7A-43C5-9B66-3CC3002B5E29} = {C2E61744-1B84-4860-BCA1-2B25BE41F625}
		{ED33925D-FC1F-410A-81CB-77F099AA9ED6} = {C2E61744-1B84-4860-BCA1-2B25BE41F625}
		{188229C9-0C85-4BA5-BF3C-48F058DBC1F7} = {C2E61744-1B84-4860-BCA1-2B25BE41F625}
		{ABEC12D1-91FF-4606-A5B7-4B7F2BC6771C} = {C2E61744-1B84-4860-BCA1-2B25BE41F625}
		{6FB0E4E7-5FCA-44D7-9F1E-463AF618E0C1} = {C2E61744-1B84-4860-BCA1-2B25BE41F625}
		{2B61065D-D326-4E9E-AD8E-203A488D4AF1} = {C2E61744-1B84-4860-BCA1-2B25BE41F625}
		{3F5696B4-E501-4093-9687-CF7A1DE6EC4B} = {ED33925D-FC1F-410A-81CB-77F099AA9ED6}
		{260C28B0-B5FE-4587-A13F-EDA10F3D08CF} = {188229C9-0C85-4BA5-BF3C-48F058DBC1F7}
		{0922F38D-8BF8-4D1F-92E1-CCB7D174C997} = {ED33925D-FC1F-410A-81CB-77F099AA9ED6}
		{354648D2-DDD6-4B3E-A269-7B9FCA2BCDA4} = {0922F38D-8BF8-4D1F-92E1-CCB7D174C997}
		{2FB4CBC5-927A-4819-B9FA-8E705EF89C0A} = {ED33925D-FC1F-410A-81CB-77F099AA9ED6}
		{93CE8BE4-E07B-4765-BD49-498CDE844143} = {ED33925D-FC1F-410A-81CB-77F099AA9ED6}
		{12ED4D06-475F-43E4-97FE-86CF1CE4ABCD} = {50E18F33-A356-44EA-AE64-4213F7839452}
		{347140AF-D74B-42D5-BDDD-0D99012B015E} = {2B61065D-D326-4E9E-AD8E-203A488D4AF1}
	EndGlobalSection
	GlobalSection(ExtensibilityGlobals) = postSolution
		SolutionGuid = {AE02A2A0-F40E-4131-861F-04C0B8B8D843}
	EndGlobalSection
EndGlobal
